
Microsoft Visual Studio Solution File, Format Version 12.00
# Visual Studio Version 17
VisualStudioVersion = 17.6.33829.357
MinimumVisualStudioVersion = 10.0.40219.1
Project("{FAE04EC0-301F-11D3-BF4B-00C04F79EFBC}") = "Hastane_Proje", "Hastane_Proje\Hastane_Proje.csproj", "{7153017D-7960-4059-A696-1D39A4EFA20B}"
EndProject
Global
	GlobalSection(SolutionConfigurationPlatforms) = preSolution
		Debug|Any CPU = Debug|Any CPU
		Release|Any CPU = Release|Any CPU
	EndGlobalSection
	GlobalSection(ProjectConfigurationPlatforms) = postSolution
		{7153017D-7960-4059-A696-1D39A4EFA20B}.Debug|Any CPU.ActiveCfg = Debug|Any CPU
		{7153017D-7960-4059-A696-1D39A4EFA20B}.Debug|Any CPU.Build.0 = Debug|Any CPU
		{7153017D-7960-4059-A696-1D39A4EFA20B}.Release|Any CPU.ActiveCfg = Release|Any CPU
		{7153017D-7960-4059-A696-1D39A4EFA20B}.Release|Any CPU.Build.0 = Release|Any CPU
	EndGlobalSection
	GlobalSection(SolutionProperties) = preSolution
		HideSolutionNode = FALSE
	EndGlobalSection
	GlobalSection(ExtensibilityGlobals) = postSolution
		SolutionGuid = {66BFCA67-6D3C-4495-9D2C-DDD965A4818D}
	EndGlobalSection
EndGlobal
